
Microsoft Visual Studio Solution File, Format Version 12.00
# Visual Studio 14
VisualStudioVersion = 14.0.25420.1
MinimumVisualStudioVersion = 10.0.40219.1
Project("{FAE04EC0-301F-11D3-BF4B-00C04F79EFBC}") = "Ground Station GUI", "ground-station-gui\Ground Station GUI.csproj", "{A4B8AD87-0882-4A5B-84EA-F6F95DB67235}"
EndProject
Project("{6141683F-8A12-4E36-9623-2EB02B2C2303}") = "ground-station-gui-installer", "ground-station-gui-installer\ground-station-gui-installer.isproj", "{4065C1A3-E915-4499-AC56-1FF2986B128C}"
EndProject
Global
	GlobalSection(SolutionConfigurationPlatforms) = preSolution
		CD_ROM|Any CPU = CD_ROM|Any CPU
		Debug|Any CPU = Debug|Any CPU
		DVD-5|Any CPU = DVD-5|Any CPU
		Release|Any CPU = Release|Any CPU
		SingleImage|Any CPU = SingleImage|Any CPU
	EndGlobalSection
	GlobalSection(ProjectConfigurationPlatforms) = postSolution
		{A4B8AD87-0882-4A5B-84EA-F6F95DB67235}.CD_ROM|Any CPU.ActiveCfg = Release|Any CPU
		{A4B8AD87-0882-4A5B-84EA-F6F95DB67235}.CD_ROM|Any CPU.Build.0 = Release|Any CPU
		{A4B8AD87-0882-4A5B-84EA-F6F95DB67235}.Debug|Any CPU.ActiveCfg = Debug|Any CPU
		{A4B8AD87-0882-4A5B-84EA-F6F95DB67235}.Debug|Any CPU.Build.0 = Debug|Any CPU
		{A4B8AD87-0882-4A5B-84EA-F6F95DB67235}.DVD-5|Any CPU.ActiveCfg = Debug|Any CPU
		{A4B8AD87-0882-4A5B-84EA-F6F95DB67235}.DVD-5|Any CPU.Build.0 = Debug|Any CPU
		{A4B8AD87-0882-4A5B-84EA-F6F95DB67235}.Release|Any CPU.ActiveCfg = Release|Any CPU
		{A4B8AD87-0882-4A5B-84EA-F6F95DB67235}.Release|Any CPU.Build.0 = Release|Any CPU
		{A4B8AD87-0882-4A5B-84EA-F6F95DB67235}.SingleImage|Any CPU.ActiveCfg = Release|Any CPU
		{A4B8AD87-0882-4A5B-84EA-F6F95DB67235}.SingleImage|Any CPU.Build.0 = Release|Any CPU
		{4065C1A3-E915-4499-AC56-1FF2986B128C}.CD_ROM|Any CPU.ActiveCfg = CD_ROM
		{4065C1A3-E915-4499-AC56-1FF2986B128C}.CD_ROM|Any CPU.Build.0 = CD_ROM
		{4065C1A3-E915-4499-AC56-1FF2986B128C}.Debug|Any CPU.ActiveCfg = DVD-5
		{4065C1A3-E915-4499-AC56-1FF2986B128C}.Debug|Any CPU.Build.0 = DVD-5
		{4065C1A3-E915-4499-AC56-1FF2986B128C}.DVD-5|Any CPU.ActiveCfg = DVD-5
		{4065C1A3-E915-4499-AC56-1FF2986B128C}.DVD-5|Any CPU.Build.0 = DVD-5
		{4065C1A3-E915-4499-AC56-1FF2986B128C}.Release|Any CPU.ActiveCfg = SingleImage
		{4065C1A3-E915-4499-AC56-1FF2986B128C}.Release|Any CPU.Build.0 = SingleImage
		{4065C1A3-E915-4499-AC56-1FF2986B128C}.SingleImage|Any CPU.ActiveCfg = SingleImage
		{4065C1A3-E915-4499-AC56-1FF2986B128C}.SingleImage|Any CPU.Build.0 = SingleImage
	EndGlobalSection
	GlobalSection(SolutionProperties) = preSolution
		HideSolutionNode = FALSE
	EndGlobalSection
EndGlobal
